<?xml version="1.0" encoding="utf-8"?>
<Project ToolsVersion="4.0" xmlns="http://schemas.microsoft.com/developer/msbuild/2003">
  <ItemGroup>
    <Filter Include="Source Files">
      <UniqueIdentifier>{985476e9-b00e-4b80-8417-d373f89ace49}</UniqueIdentifier>
      <Extensions>cpp</Extensions>
    </Filter>
    <Filter Include="Header Files">
      <UniqueIdentifier>{aa72f081-b04d-4744-aa65-bf9620c93345}</UniqueIdentifier>
      <Extensions>h</Extensions>
    </Filter>
    <Filter Include="xml">
      <UniqueIdentifier>{a2798a70-423b-4c68-bb0f-d68c02d4535d}</UniqueIdentifier>
    </Filter>
    <Filter Include="utility">
      <UniqueIdentifier>{f0d6a274-d14d-4e06-9623-960c4f688380}</UniqueIdentifier>
    </Filter>
    <Filter Include="adjust">
      <UniqueIdentifier>{1a68d6b6-6b32-4284-9276-798b3ea8da40}</UniqueIdentifier>
    </Filter>
  </ItemGroup>
  <ItemGroup>
    <ClCompile Include="calendar.cpp">
      <Filter>Source Files</Filter>
    </ClCompile>
    <ClCompile Include="datetime.cpp">
      <Filter>Source Files</Filter>
    </ClCompile>
    <ClCompile Include="date_dcf.cpp">
      <Filter>Source Files</Filter>
    </ClCompile>
    <ClCompile Include="date_adjust.cpp">
      <Filter>Source Files</Filter>
    </ClCompile>
    <ClCompile Include="date_enum.cpp">
      <Filter>Source Files</Filter>
    </ClCompile>
    <ClCompile Include="date_date.cpp">
      <Filter>Source Files</Filter>
    </ClCompile>
    <ClCompile Include="cmegroup.cpp">
      <Filter>Source Files</Filter>
    </ClCompile>
    <ClCompile Include="..\xllutility\document.cpp">
      <Filter>utility</Filter>
    </ClCompile>
    <ClCompile Include="..\xllutility\addin.cpp">
      <Filter>utility</Filter>
    </ClCompile>
    <ClCompile Include="shortname_ric.cpp">
      <Filter>Source Files</Filter>
    </ClCompile>
    <ClCompile Include="..\monte\adjust.cpp">
      <Filter>adjust</Filter>
    </ClCompile>
  </ItemGroup>
  <ItemGroup>
    <ClInclude Include="xlldatetime.h">
      <Filter>Header Files</Filter>
    </ClInclude>
    <ClInclude Include="..\fmsdatetime\calendar.h">
      <Filter>Header Files</Filter>
    </ClInclude>
    <ClInclude Include="..\fmsdatetime\cmegroup.h">
      <Filter>Header Files</Filter>
    </ClInclude>
    <ClInclude Include="..\fmsdatetime\datetime.h">
      <Filter>Header Files</Filter>
    </ClInclude>
    <ClInclude Include="..\fmsdatetime\dt.h">
      <Filter>Header Files</Filter>
    </ClInclude>
    <ClInclude Include="..\fmsdatetime\holiday.h">
      <Filter>Header Files</Filter>
    </ClInclude>
    <ClInclude Include="..\xllutility\document.h">
      <Filter>utility</Filter>
    </ClInclude>
  </ItemGroup>
  <ItemGroup>
    <None Include="date_dcf.xml">
      <Filter>xml</Filter>
    </None>
    <None Include="date_adjust.xml">
      <Filter>xml</Filter>
    </None>
    <None Include="datetime.xml">
      <Filter>xml</Filter>
    </None>
  </ItemGroup>
</Project>